# THIS IS AN AUTOGENERATED FILE. DO NOT EDIT THIS FILE DIRECTLY.
# yarn lockfile v1


alpha@^0.0.1:
  version "0.0.1"
  resolved "https://registry.yarnpkg.com/alpha/-/alpha-0.0.1.tgz#8bb0358562fd9b106fa3421612e61a687d437b35"

beta@^0.0.1:
  version "0.0.1"
  resolved "https://registry.yarnpkg.com/beta/-/beta-0.0.1.tgz#954d2269ad1242fc5b29f0eed84475f62707536a"
